
Microsoft Visual Studio Solution File, Format Version 12.00
# Visual Studio 15
Project("{FAE04EC0-301F-11D3-BF4B-00C04F79EFBC}") = "Battlehub.RTHandles", "Battlehub.RTHandles.csproj", "{680BC22B-5535-EF98-654F-985309BE44A3}"
EndProject
Project("{FAE04EC0-301F-11D3-BF4B-00C04F79EFBC}") = "Battlehub.RTCommon", "Battlehub.RTCommon.csproj", "{8AE2B439-7179-05D8-9BB2-DB3C80296284}"
EndProject
Project("{FAE04EC0-301F-11D3-BF4B-00C04F79EFBC}") = "Assembly-CSharp", "Assembly-CSharp.csproj", "{D30B6720-CF61-4749-06A0-3AFFD0B3B0EA}"
EndProject
Project("{FAE04EC0-301F-11D3-BF4B-00C04F79EFBC}") = "Battlehub.RTEditor", "Battlehub.RTEditor.csproj", "{EBC22289-F384-A522-5237-71AFE415E919}"
EndProject
Project("{FAE04EC0-301F-11D3-BF4B-00C04F79EFBC}") = "ProBuilderIntegration", "ProBuilderIntegration.csproj", "{3C5A49C2-EC1C-1788-3482-E925DEAD8FE1}"
EndProject
Project("{FAE04EC0-301F-11D3-BF4B-00C04F79EFBC}") = "HSVPicker", "HSVPicker.csproj", "{3CA9B36D-DE7E-BF1A-A78F-49ED0BEB0047}"
EndProject
Project("{FAE04EC0-301F-11D3-BF4B-00C04F79EFBC}") = "Battlehub.ObjectToTexture", "Battlehub.ObjectToTexture.csproj", "{E1758EA8-CFDF-BF18-2F96-F46F03335805}"
EndProject
Project("{FAE04EC0-301F-11D3-BF4B-00C04F79EFBC}") = "Battlehub.RTTerrain", "Battlehub.RTTerrain.csproj", "{B0879C63-AA26-EA3C-5E9C-CA02AD3533C1}"
EndProject
Project("{FAE04EC0-301F-11D3-BF4B-00C04F79EFBC}") = "Battlehub.UIControls", "Battlehub.UIControls.csproj", "{7CA35A8A-4E53-9A26-97CD-DA49DF26393A}"
EndProject
Project("{FAE04EC0-301F-11D3-BF4B-00C04F79EFBC}") = "Battlehub.RTMeasurement", "Battlehub.RTMeasurement.csproj", "{FD4EBAB3-CB21-7635-B53E-6735090515D6}"
EndProject
Project("{FAE04EC0-301F-11D3-BF4B-00C04F79EFBC}") = "StandaloneFileBrowser", "StandaloneFileBrowser.csproj", "{7D26A789-4D12-C368-EC79-F4665B070A05}"
EndProject
Project("{FAE04EC0-301F-11D3-BF4B-00C04F79EFBC}") = "Battlehub.RTSL.Interface", "Battlehub.RTSL.Interface.csproj", "{84284082-4F61-3705-159D-096372A14D00}"
EndProject
Project("{FAE04EC0-301F-11D3-BF4B-00C04F79EFBC}") = "Battlehub.MeshEditor", "Battlehub.MeshEditor.csproj", "{F3646356-5CCF-33F2-FBDB-07FD3C11F20B}"
EndProject
Project("{FAE04EC0-301F-11D3-BF4B-00C04F79EFBC}") = "Battlehub.RTDeformer", "Battlehub.RTDeformer.csproj", "{8397195A-FF71-0A22-8612-DCF0D850446A}"
EndProject
Project("{FAE04EC0-301F-11D3-BF4B-00C04F79EFBC}") = "Battlehub.RTGizmos", "Battlehub.RTGizmos.csproj", "{E8899815-B504-7B3A-84D1-536BE4E76CD4}"
EndProject
Project("{FAE04EC0-301F-11D3-BF4B-00C04F79EFBC}") = "Battlehub.RTBuilder", "Battlehub.RTBuilder.csproj", "{1FEDA89C-F5A0-B3DF-474B-BBD71E3DD321}"
EndProject
Project("{FAE04EC0-301F-11D3-BF4B-00C04F79EFBC}") = "Battlehub.Utils", "Battlehub.Utils.csproj", "{DC10DFF2-76BF-8A5D-D103-3CBFA262E4BA}"
EndProject
Project("{FAE04EC0-301F-11D3-BF4B-00C04F79EFBC}") = "Battlehub.RTDemoGame", "Battlehub.RTDemoGame.csproj", "{8E77F59E-6C3B-7EE1-9B2B-E6C95BFB5381}"
EndProject
Project("{FAE04EC0-301F-11D3-BF4B-00C04F79EFBC}") = "Battlehub.Tools", "Battlehub.Tools.csproj", "{BE0BD84D-3536-A7AF-45A9-9BA042BBF488}"
EndProject
Project("{FAE04EC0-301F-11D3-BF4B-00C04F79EFBC}") = "Battlehub.RTScripting", "Battlehub.RTScripting.csproj", "{BCA17081-3D2B-4B68-5C82-4D64379442BD}"
EndProject
Project("{FAE04EC0-301F-11D3-BF4B-00C04F79EFBC}") = "CodeAnalysis", "CodeAnalysis.csproj", "{E5CE7134-A450-E88D-84CD-4D804C2C6CEE}"
EndProject
Project("{FAE04EC0-301F-11D3-BF4B-00C04F79EFBC}") = "Battlehub.Localization", "Battlehub.Localization.csproj", "{BB2C46AB-D52D-B369-A548-A8EFB201FFB6}"
EndProject
Project("{FAE04EC0-301F-11D3-BF4B-00C04F79EFBC}") = "Assembly-CSharp-Editor", "Assembly-CSharp-Editor.csproj", "{92A5FCBE-718A-78FD-E5FA-95E2E32C7915}"
EndProject
Global
	GlobalSection(SolutionConfigurationPlatforms) = preSolution
		Debug|Any CPU = Debug|Any CPU
		Release|Any CPU = Release|Any CPU
	EndGlobalSection
	GlobalSection(ProjectConfigurationPlatforms) = postSolution
		{680BC22B-5535-EF98-654F-985309BE44A3}.Debug|Any CPU.ActiveCfg = Debug|Any CPU
		{680BC22B-5535-EF98-654F-985309BE44A3}.Debug|Any CPU.Build.0 = Debug|Any CPU
		{680BC22B-5535-EF98-654F-985309BE44A3}.Release|Any CPU.ActiveCfg = Release|Any CPU
		{680BC22B-5535-EF98-654F-985309BE44A3}.Release|Any CPU.Build.0 = Release|Any CPU
		{8AE2B439-7179-05D8-9BB2-DB3C80296284}.Debug|Any CPU.ActiveCfg = Debug|Any CPU
		{8AE2B439-7179-05D8-9BB2-DB3C80296284}.Debug|Any CPU.Build.0 = Debug|Any CPU
		{8AE2B439-7179-05D8-9BB2-DB3C80296284}.Release|Any CPU.ActiveCfg = Release|Any CPU
		{8AE2B439-7179-05D8-9BB2-DB3C80296284}.Release|Any CPU.Build.0 = Release|Any CPU
		{D30B6720-CF61-4749-06A0-3AFFD0B3B0EA}.Debug|Any CPU.ActiveCfg = Debug|Any CPU
		{D30B6720-CF61-4749-06A0-3AFFD0B3B0EA}.Debug|Any CPU.Build.0 = Debug|Any CPU
		{D30B6720-CF61-4749-06A0-3AFFD0B3B0EA}.Release|Any CPU.ActiveCfg = Release|Any CPU
		{D30B6720-CF61-4749-06A0-3AFFD0B3B0EA}.Release|Any CPU.Build.0 = Release|Any CPU
		{EBC22289-F384-A522-5237-71AFE415E919}.Debug|Any CPU.ActiveCfg = Debug|Any CPU
		{EBC22289-F384-A522-5237-71AFE415E919}.Debug|Any CPU.Build.0 = Debug|Any CPU
		{EBC22289-F384-A522-5237-71AFE415E919}.Release|Any CPU.ActiveCfg = Release|Any CPU
		{EBC22289-F384-A522-5237-71AFE415E919}.Release|Any CPU.Build.0 = Release|Any CPU
		{3C5A49C2-EC1C-1788-3482-E925DEAD8FE1}.Debug|Any CPU.ActiveCfg = Debug|Any CPU
		{3C5A49C2-EC1C-1788-3482-E925DEAD8FE1}.Debug|Any CPU.Build.0 = Debug|Any CPU
		{3C5A49C2-EC1C-1788-3482-E925DEAD8FE1}.Release|Any CPU.ActiveCfg = Release|Any CPU
		{3C5A49C2-EC1C-1788-3482-E925DEAD8FE1}.Release|Any CPU.Build.0 = Release|Any CPU
		{3CA9B36D-DE7E-BF1A-A78F-49ED0BEB0047}.Debug|Any CPU.ActiveCfg = Debug|Any CPU
		{3CA9B36D-DE7E-BF1A-A78F-49ED0BEB0047}.Debug|Any CPU.Build.0 = Debug|Any CPU
		{3CA9B36D-DE7E-BF1A-A78F-49ED0BEB0047}.Release|Any CPU.ActiveCfg = Release|Any CPU
		{3CA9B36D-DE7E-BF1A-A78F-49ED0BEB0047}.Release|Any CPU.Build.0 = Release|Any CPU
		{E1758EA8-CFDF-BF18-2F96-F46F03335805}.Debug|Any CPU.ActiveCfg = Debug|Any CPU
		{E1758EA8-CFDF-BF18-2F96-F46F03335805}.Debug|Any CPU.Build.0 = Debug|Any CPU
		{E1758EA8-CFDF-BF18-2F96-F46F03335805}.Release|Any CPU.ActiveCfg = Release|Any CPU
		{E1758EA8-CFDF-BF18-2F96-F46F03335805}.Release|Any CPU.Build.0 = Release|Any CPU
		{B0879C63-AA26-EA3C-5E9C-CA02AD3533C1}.Debug|Any CPU.ActiveCfg = Debug|Any CPU
		{B0879C63-AA26-EA3C-5E9C-CA02AD3533C1}.Debug|Any CPU.Build.0 = Debug|Any CPU
		{B0879C63-AA26-EA3C-5E9C-CA02AD3533C1}.Release|Any CPU.ActiveCfg = Release|Any CPU
		{B0879C63-AA26-EA3C-5E9C-CA02AD3533C1}.Release|Any CPU.Build.0 = Release|Any CPU
		{7CA35A8A-4E53-9A26-97CD-DA49DF26393A}.Debug|Any CPU.ActiveCfg = Debug|Any CPU
		{7CA35A8A-4E53-9A26-97CD-DA49DF26393A}.Debug|Any CPU.Build.0 = Debug|Any CPU
		{7CA35A8A-4E53-9A26-97CD-DA49DF26393A}.Release|Any CPU.ActiveCfg = Release|Any CPU
		{7CA35A8A-4E53-9A26-97CD-DA49DF26393A}.Release|Any CPU.Build.0 = Release|Any CPU
		{FD4EBAB3-CB21-7635-B53E-6735090515D6}.Debug|Any CPU.ActiveCfg = Debug|Any CPU
		{FD4EBAB3-CB21-7635-B53E-6735090515D6}.Debug|Any CPU.Build.0 = Debug|Any CPU
		{FD4EBAB3-CB21-7635-B53E-6735090515D6}.Release|Any CPU.ActiveCfg = Release|Any CPU
		{FD4EBAB3-CB21-7635-B53E-6735090515D6}.Release|Any CPU.Build.0 = Release|Any CPU
		{7D26A789-4D12-C368-EC79-F4665B070A05}.Debug|Any CPU.ActiveCfg = Debug|Any CPU
		{7D26A789-4D12-C368-EC79-F4665B070A05}.Debug|Any CPU.Build.0 = Debug|Any CPU
		{7D26A789-4D12-C368-EC79-F4665B070A05}.Release|Any CPU.ActiveCfg = Release|Any CPU
		{7D26A789-4D12-C368-EC79-F4665B070A05}.Release|Any CPU.Build.0 = Release|Any CPU
		{84284082-4F61-3705-159D-096372A14D00}.Debug|Any CPU.ActiveCfg = Debug|Any CPU
		{84284082-4F61-3705-159D-096372A14D00}.Debug|Any CPU.Build.0 = Debug|Any CPU
		{84284082-4F61-3705-159D-096372A14D00}.Release|Any CPU.ActiveCfg = Release|Any CPU
		{84284082-4F61-3705-159D-096372A14D00}.Release|Any CPU.Build.0 = Release|Any CPU
		{F3646356-5CCF-33F2-FBDB-07FD3C11F20B}.Debug|Any CPU.ActiveCfg = Debug|Any CPU
		{F3646356-5CCF-33F2-FBDB-07FD3C11F20B}.Debug|Any CPU.Build.0 = Debug|Any CPU
		{F3646356-5CCF-33F2-FBDB-07FD3C11F20B}.Release|Any CPU.ActiveCfg = Release|Any CPU
		{F3646356-5CCF-33F2-FBDB-07FD3C11F20B}.Release|Any CPU.Build.0 = Release|Any CPU
		{8397195A-FF71-0A22-8612-DCF0D850446A}.Debug|Any CPU.ActiveCfg = Debug|Any CPU
		{8397195A-FF71-0A22-8612-DCF0D850446A}.Debug|Any CPU.Build.0 = Debug|Any CPU
		{8397195A-FF71-0A22-8612-DCF0D850446A}.Release|Any CPU.ActiveCfg = Release|Any CPU
		{8397195A-FF71-0A22-8612-DCF0D850446A}.Release|Any CPU.Build.0 = Release|Any CPU
		{E8899815-B504-7B3A-84D1-536BE4E76CD4}.Debug|Any CPU.ActiveCfg = Debug|Any CPU
		{E8899815-B504-7B3A-84D1-536BE4E76CD4}.Debug|Any CPU.Build.0 = Debug|Any CPU
		{E8899815-B504-7B3A-84D1-536BE4E76CD4}.Release|Any CPU.ActiveCfg = Release|Any CPU
		{E8899815-B504-7B3A-84D1-536BE4E76CD4}.Release|Any CPU.Build.0 = Release|Any CPU
		{1FEDA89C-F5A0-B3DF-474B-BBD71E3DD321}.Debug|Any CPU.ActiveCfg = Debug|Any CPU
		{1FEDA89C-F5A0-B3DF-474B-BBD71E3DD321}.Debug|Any CPU.Build.0 = Debug|Any CPU
		{1FEDA89C-F5A0-B3DF-474B-BBD71E3DD321}.Release|Any CPU.ActiveCfg = Release|Any CPU
		{1FEDA89C-F5A0-B3DF-474B-BBD71E3DD321}.Release|Any CPU.Build.0 = Release|Any CPU
		{DC10DFF2-76BF-8A5D-D103-3CBFA262E4BA}.Debug|Any CPU.ActiveCfg = Debug|Any CPU
		{DC10DFF2-76BF-8A5D-D103-3CBFA262E4BA}.Debug|Any CPU.Build.0 = Debug|Any CPU
		{DC10DFF2-76BF-8A5D-D103-3CBFA262E4BA}.Release|Any CPU.ActiveCfg = Release|Any CPU
		{DC10DFF2-76BF-8A5D-D103-3CBFA262E4BA}.Release|Any CPU.Build.0 = Release|Any CPU
		{8E77F59E-6C3B-7EE1-9B2B-E6C95BFB5381}.Debug|Any CPU.ActiveCfg = Debug|Any CPU
		{8E77F59E-6C3B-7EE1-9B2B-E6C95BFB5381}.Debug|Any CPU.Build.0 = Debug|Any CPU
		{8E77F59E-6C3B-7EE1-9B2B-E6C95BFB5381}.Release|Any CPU.ActiveCfg = Release|Any CPU
		{8E77F59E-6C3B-7EE1-9B2B-E6C95BFB5381}.Release|Any CPU.Build.0 = Release|Any CPU
		{BE0BD84D-3536-A7AF-45A9-9BA042BBF488}.Debug|Any CPU.ActiveCfg = Debug|Any CPU
		{BE0BD84D-3536-A7AF-45A9-9BA042BBF488}.Debug|Any CPU.Build.0 = Debug|Any CPU
		{BE0BD84D-3536-A7AF-45A9-9BA042BBF488}.Release|Any CPU.ActiveCfg = Release|Any CPU
		{BE0BD84D-3536-A7AF-45A9-9BA042BBF488}.Release|Any CPU.Build.0 = Release|Any CPU
		{BCA17081-3D2B-4B68-5C82-4D64379442BD}.Debug|Any CPU.ActiveCfg = Debug|Any CPU
		{BCA17081-3D2B-4B68-5C82-4D64379442BD}.Debug|Any CPU.Build.0 = Debug|Any CPU
		{BCA17081-3D2B-4B68-5C82-4D64379442BD}.Release|Any CPU.ActiveCfg = Release|Any CPU
		{BCA17081-3D2B-4B68-5C82-4D64379442BD}.Release|Any CPU.Build.0 = Release|Any CPU
		{E5CE7134-A450-E88D-84CD-4D804C2C6CEE}.Debug|Any CPU.ActiveCfg = Debug|Any CPU
		{E5CE7134-A450-E88D-84CD-4D804C2C6CEE}.Debug|Any CPU.Build.0 = Debug|Any CPU
		{E5CE7134-A450-E88D-84CD-4D804C2C6CEE}.Release|Any CPU.ActiveCfg = Release|Any CPU
		{E5CE7134-A450-E88D-84CD-4D804C2C6CEE}.Release|Any CPU.Build.0 = Release|Any CPU
		{BB2C46AB-D52D-B369-A548-A8EFB201FFB6}.Debug|Any CPU.ActiveCfg = Debug|Any CPU
		{BB2C46AB-D52D-B369-A548-A8EFB201FFB6}.Debug|Any CPU.Build.0 = Debug|Any CPU
		{BB2C46AB-D52D-B369-A548-A8EFB201FFB6}.Release|Any CPU.ActiveCfg = Release|Any CPU
		{BB2C46AB-D52D-B369-A548-A8EFB201FFB6}.Release|Any CPU.Build.0 = Release|Any CPU
		{92A5FCBE-718A-78FD-E5FA-95E2E32C7915}.Debug|Any CPU.ActiveCfg = Debug|Any CPU
		{92A5FCBE-718A-78FD-E5FA-95E2E32C7915}.Debug|Any CPU.Build.0 = Debug|Any CPU
		{92A5FCBE-718A-78FD-E5FA-95E2E32C7915}.Release|Any CPU.ActiveCfg = Release|Any CPU
		{92A5FCBE-718A-78FD-E5FA-95E2E32C7915}.Release|Any CPU.Build.0 = Release|Any CPU
	EndGlobalSection
	GlobalSection(SolutionProperties) = preSolution
		HideSolutionNode = FALSE
	EndGlobalSection
EndGlobal
